
Microsoft Visual Studio Solution File, Format Version 11.00
# Visual Studio 2010
Project("{FAE04EC0-301F-11D3-BF4B-00C04F79EFBC}") = "OperationEchoLocation", "Assembly-CSharp.csproj", "{7C65CA08-CFC6-33EE-9A78-C26F6E2188C5}"
EndProject
Project("{FAE04EC0-301F-11D3-BF4B-00C04F79EFBC}") = "OperationEchoLocation", "Assembly-CSharp-Editor.csproj", "{6FC63AFA-AB1D-4413-5A68-F1769746F8C6}"
EndProject
Global
	GlobalSection(SolutionConfigurationPlatforms) = preSolution
		Debug|Any CPU = Debug|Any CPU
		Release|Any CPU = Release|Any CPU
	EndGlobalSection
	GlobalSection(ProjectConfigurationPlatforms) = postSolution
		{7C65CA08-CFC6-33EE-9A78-C26F6E2188C5}.Debug|Any CPU.ActiveCfg = Debug|Any CPU
		{7C65CA08-CFC6-33EE-9A78-C26F6E2188C5}.Debug|Any CPU.Build.0 = Debug|Any CPU
		{7C65CA08-CFC6-33EE-9A78-C26F6E2188C5}.Release|Any CPU.ActiveCfg = Release|Any CPU
		{7C65CA08-CFC6-33EE-9A78-C26F6E2188C5}.Release|Any CPU.Build.0 = Release|Any CPU
		{6FC63AFA-AB1D-4413-5A68-F1769746F8C6}.Debug|Any CPU.ActiveCfg = Debug|Any CPU
		{6FC63AFA-AB1D-4413-5A68-F1769746F8C6}.Debug|Any CPU.Build.0 = Debug|Any CPU
		{6FC63AFA-AB1D-4413-5A68-F1769746F8C6}.Release|Any CPU.ActiveCfg = Release|Any CPU
		{6FC63AFA-AB1D-4413-5A68-F1769746F8C6}.Release|Any CPU.Build.0 = Release|Any CPU
	EndGlobalSection
	GlobalSection(SolutionProperties) = preSolution
		HideSolutionNode = FALSE
	EndGlobalSection
	GlobalSection(MonoDevelopProperties) = preSolution
		StartupItem = Assembly-CSharp.csproj
	EndGlobalSection
EndGlobal
